
Microsoft Visual Studio Solution File, Format Version 12.00
# Visual Studio Version 16
VisualStudioVersion = 16.0.30225.117
MinimumVisualStudioVersion = 10.0.40219.1
Project("{FAE04EC0-301F-11D3-BF4B-00C04F79EFBC}") = "WPF App", "WPF App\WPF App.csproj", "{AF01633A-9DB2-4A0F-88B5-FDB4A65437BA}"
EndProject
Global
	GlobalSection(SolutionConfigurationPlatforms) = preSolution
		Debug|Any CPU = Debug|Any CPU
		Release|Any CPU = Release|Any CPU
	EndGlobalSection
	GlobalSection(ProjectConfigurationPlatforms) = postSolution
		{AF01633A-9DB2-4A0F-88B5-FDB4A65437BA}.Debug|Any CPU.ActiveCfg = Debug|Any CPU
		{AF01633A-9DB2-4A0F-88B5-FDB4A65437BA}.Debug|Any CPU.Build.0 = Debug|Any CPU
		{AF01633A-9DB2-4A0F-88B5-FDB4A65437BA}.Release|Any CPU.ActiveCfg = Release|Any CPU
		{AF01633A-9DB2-4A0F-88B5-FDB4A65437BA}.Release|Any CPU.Build.0 = Release|Any CPU
	EndGlobalSection
	GlobalSection(SolutionProperties) = preSolution
		HideSolutionNode = FALSE
	EndGlobalSection
	GlobalSection(ExtensibilityGlobals) = postSolution
		SolutionGuid = {487D5A5B-D78B-4355-96E2-756E08F16E10}
	EndGlobalSection
EndGlobal
